
Microsoft Visual Studio Solution File, Format Version 12.00
# Visual Studio 15
Project("{FAE04EC0-301F-11D3-BF4B-00C04F79EFBC}") = "UnityEngine.TestRunner", "UnityEngine.TestRunner.csproj", "{34E9FA97-E5D1-5D04-3BB5-EB0B3F4962DF}"
EndProject
Project("{FAE04EC0-301F-11D3-BF4B-00C04F79EFBC}") = "UnityEngine.UI", "UnityEngine.UI.csproj", "{C437A9E5-9CA8-E02B-3716-E467FE1F1361}"
EndProject
Project("{FAE04EC0-301F-11D3-BF4B-00C04F79EFBC}") = "Unity.VisualScripting.Flow", "Unity.VisualScripting.Flow.csproj", "{E44A5384-ACE8-CF7C-6DA8-0DEF29BBD60F}"
EndProject
Project("{FAE04EC0-301F-11D3-BF4B-00C04F79EFBC}") = "Unity.VisualScripting.State", "Unity.VisualScripting.State.csproj", "{31E7F03F-77D8-7793-B808-A41E045B53FE}"
EndProject
Project("{FAE04EC0-301F-11D3-BF4B-00C04F79EFBC}") = "Unity.VisualScripting.Core", "Unity.VisualScripting.Core.csproj", "{B400B67A-5A6E-04D4-7D2E-EDEC5272EBAA}"
EndProject
Project("{FAE04EC0-301F-11D3-BF4B-00C04F79EFBC}") = "Unity.TextMeshPro", "Unity.TextMeshPro.csproj", "{D1CD5717-1710-5440-2670-5883A6351698}"
EndProject
Project("{FAE04EC0-301F-11D3-BF4B-00C04F79EFBC}") = "Unity.Timeline", "Unity.Timeline.csproj", "{37B657CD-A3DE-6597-A1EC-FF35478CDADF}"
EndProject
Project("{FAE04EC0-301F-11D3-BF4B-00C04F79EFBC}") = "Unity.PlasticSCM.Editor", "Unity.PlasticSCM.Editor.csproj", "{ABDF25ED-5553-CF84-A1F7-25285E5A04F7}"
EndProject
Project("{FAE04EC0-301F-11D3-BF4B-00C04F79EFBC}") = "Unity.VisualScripting.Core.Editor", "Unity.VisualScripting.Core.Editor.csproj", "{1AAFF38A-7DCF-3790-4874-545912C3EC4F}"
EndProject
Project("{FAE04EC0-301F-11D3-BF4B-00C04F79EFBC}") = "Unity.VisualScripting.Flow.Editor", "Unity.VisualScripting.Flow.Editor.csproj", "{BAB0C80E-EA5C-EB28-02CE-9DE739C91731}"
EndProject
Project("{FAE04EC0-301F-11D3-BF4B-00C04F79EFBC}") = "Unity.VisualStudio.Editor", "Unity.VisualStudio.Editor.csproj", "{7F494D3F-D57D-B62A-14B8-A51F4723DC66}"
EndProject
Project("{FAE04EC0-301F-11D3-BF4B-00C04F79EFBC}") = "Unity.Timeline.Editor", "Unity.Timeline.Editor.csproj", "{CD4162E1-1F91-4D53-E1A6-CCBCF699311F}"
EndProject
Project("{FAE04EC0-301F-11D3-BF4B-00C04F79EFBC}") = "Unity.VisualScripting.State.Editor", "Unity.VisualScripting.State.Editor.csproj", "{B7F76B87-C708-47ED-C5DC-1E84E2341151}"
EndProject
Project("{FAE04EC0-301F-11D3-BF4B-00C04F79EFBC}") = "Unity.TextMeshPro.Editor", "Unity.TextMeshPro.Editor.csproj", "{DF276FE6-ECE9-5E34-83C9-290896411A6A}"
EndProject
Project("{FAE04EC0-301F-11D3-BF4B-00C04F79EFBC}") = "Unity.VisualScripting.SettingsProvider.Editor", "Unity.VisualScripting.SettingsProvider.Editor.csproj", "{6D53C7F0-930B-C468-D63F-5D22F6811EA2}"
EndProject
Project("{FAE04EC0-301F-11D3-BF4B-00C04F79EFBC}") = "UnityEditor.TestRunner", "UnityEditor.TestRunner.csproj", "{8E287BF2-0B5B-5A24-D8E4-C8BB3CAABCCB}"
EndProject
Project("{FAE04EC0-301F-11D3-BF4B-00C04F79EFBC}") = "Unity.TestTools.CodeCoverage.Editor", "Unity.TestTools.CodeCoverage.Editor.csproj", "{FFC4159F-1245-8103-E99C-DDB8DA21C0C8}"
EndProject
Project("{FAE04EC0-301F-11D3-BF4B-00C04F79EFBC}") = "Unity.Rider.Editor", "Unity.Rider.Editor.csproj", "{CD355436-D329-0CAD-C9A6-A0B6BE612B4C}"
EndProject
Project("{FAE04EC0-301F-11D3-BF4B-00C04F79EFBC}") = "Unity.Performance.Profile-Analyzer.Editor", "Unity.Performance.Profile-Analyzer.Editor.csproj", "{54612012-2E6C-A1E4-94D4-8113F093465E}"
EndProject
Project("{FAE04EC0-301F-11D3-BF4B-00C04F79EFBC}") = "Unity.VSCode.Editor", "Unity.VSCode.Editor.csproj", "{3A6CBD95-A358-D90A-307A-FC729D8C57F7}"
EndProject
Project("{FAE04EC0-301F-11D3-BF4B-00C04F79EFBC}") = "UnityEditor.UI", "UnityEditor.UI.csproj", "{4AC80D5C-572E-198B-FE32-7B268B9FBDC5}"
EndProject
Project("{FAE04EC0-301F-11D3-BF4B-00C04F79EFBC}") = "Unity.TestTools.CodeCoverage.Editor.OpenCover.Model", "Unity.TestTools.CodeCoverage.Editor.OpenCover.Model.csproj", "{D5A35D5B-E73F-C31D-B0D9-FC9235A8FDF0}"
EndProject
Project("{FAE04EC0-301F-11D3-BF4B-00C04F79EFBC}") = "Unity.EditorCoroutines.Editor", "Unity.EditorCoroutines.Editor.csproj", "{60CBA04D-40B7-68F9-BB12-A66A7C1F7D91}"
EndProject
Project("{FAE04EC0-301F-11D3-BF4B-00C04F79EFBC}") = "Unity.Settings.Editor", "Unity.Settings.Editor.csproj", "{8CE9A90C-7670-9864-995A-2F48B0BF8E58}"
EndProject
Project("{FAE04EC0-301F-11D3-BF4B-00C04F79EFBC}") = "Unity.CollabProxy.Editor", "Unity.CollabProxy.Editor.csproj", "{98D9F4A5-0218-987D-60F8-3121249284E6}"
EndProject
Project("{FAE04EC0-301F-11D3-BF4B-00C04F79EFBC}") = "Unity.TestTools.CodeCoverage.Editor.OpenCover.Mono.Reflection", "Unity.TestTools.CodeCoverage.Editor.OpenCover.Mono.Reflection.csproj", "{87BFFEA2-71D5-D330-017D-86306B3D8A05}"
EndProject
Project("{FAE04EC0-301F-11D3-BF4B-00C04F79EFBC}") = "Unity.VisualScripting.Shared.Editor", "Unity.VisualScripting.Shared.Editor.csproj", "{4F156B4C-04D5-3710-412F-9985FA2C4F49}"
EndProject
Global
	GlobalSection(SolutionConfigurationPlatforms) = preSolution
		Debug|Any CPU = Debug|Any CPU
		Release|Any CPU = Release|Any CPU
	EndGlobalSection
	GlobalSection(ProjectConfigurationPlatforms) = postSolution
		{34E9FA97-E5D1-5D04-3BB5-EB0B3F4962DF}.Debug|Any CPU.ActiveCfg = Debug|Any CPU
		{34E9FA97-E5D1-5D04-3BB5-EB0B3F4962DF}.Debug|Any CPU.Build.0 = Debug|Any CPU
		{34E9FA97-E5D1-5D04-3BB5-EB0B3F4962DF}.Release|Any CPU.ActiveCfg = Release|Any CPU
		{34E9FA97-E5D1-5D04-3BB5-EB0B3F4962DF}.Release|Any CPU.Build.0 = Release|Any CPU
		{C437A9E5-9CA8-E02B-3716-E467FE1F1361}.Debug|Any CPU.ActiveCfg = Debug|Any CPU
		{C437A9E5-9CA8-E02B-3716-E467FE1F1361}.Debug|Any CPU.Build.0 = Debug|Any CPU
		{C437A9E5-9CA8-E02B-3716-E467FE1F1361}.Release|Any CPU.ActiveCfg = Release|Any CPU
		{C437A9E5-9CA8-E02B-3716-E467FE1F1361}.Release|Any CPU.Build.0 = Release|Any CPU
		{E44A5384-ACE8-CF7C-6DA8-0DEF29BBD60F}.Debug|Any CPU.ActiveCfg = Debug|Any CPU
		{E44A5384-ACE8-CF7C-6DA8-0DEF29BBD60F}.Debug|Any CPU.Build.0 = Debug|Any CPU
		{E44A5384-ACE8-CF7C-6DA8-0DEF29BBD60F}.Release|Any CPU.ActiveCfg = Release|Any CPU
		{E44A5384-ACE8-CF7C-6DA8-0DEF29BBD60F}.Release|Any CPU.Build.0 = Release|Any CPU
		{31E7F03F-77D8-7793-B808-A41E045B53FE}.Debug|Any CPU.ActiveCfg = Debug|Any CPU
		{31E7F03F-77D8-7793-B808-A41E045B53FE}.Debug|Any CPU.Build.0 = Debug|Any CPU
		{31E7F03F-77D8-7793-B808-A41E045B53FE}.Release|Any CPU.ActiveCfg = Release|Any CPU
		{31E7F03F-77D8-7793-B808-A41E045B53FE}.Release|Any CPU.Build.0 = Release|Any CPU
		{B400B67A-5A6E-04D4-7D2E-EDEC5272EBAA}.Debug|Any CPU.ActiveCfg = Debug|Any CPU
		{B400B67A-5A6E-04D4-7D2E-EDEC5272EBAA}.Debug|Any CPU.Build.0 = Debug|Any CPU
		{B400B67A-5A6E-04D4-7D2E-EDEC5272EBAA}.Release|Any CPU.ActiveCfg = Release|Any CPU
		{B400B67A-5A6E-04D4-7D2E-EDEC5272EBAA}.Release|Any CPU.Build.0 = Release|Any CPU
		{D1CD5717-1710-5440-2670-5883A6351698}.Debug|Any CPU.ActiveCfg = Debug|Any CPU
		{D1CD5717-1710-5440-2670-5883A6351698}.Debug|Any CPU.Build.0 = Debug|Any CPU
		{D1CD5717-1710-5440-2670-5883A6351698}.Release|Any CPU.ActiveCfg = Release|Any CPU
		{D1CD5717-1710-5440-2670-5883A6351698}.Release|Any CPU.Build.0 = Release|Any CPU
		{37B657CD-A3DE-6597-A1EC-FF35478CDADF}.Debug|Any CPU.ActiveCfg = Debug|Any CPU
		{37B657CD-A3DE-6597-A1EC-FF35478CDADF}.Debug|Any CPU.Build.0 = Debug|Any CPU
		{37B657CD-A3DE-6597-A1EC-FF35478CDADF}.Release|Any CPU.ActiveCfg = Release|Any CPU
		{37B657CD-A3DE-6597-A1EC-FF35478CDADF}.Release|Any CPU.Build.0 = Release|Any CPU
		{ABDF25ED-5553-CF84-A1F7-25285E5A04F7}.Debug|Any CPU.ActiveCfg = Debug|Any CPU
		{ABDF25ED-5553-CF84-A1F7-25285E5A04F7}.Debug|Any CPU.Build.0 = Debug|Any CPU
		{ABDF25ED-5553-CF84-A1F7-25285E5A04F7}.Release|Any CPU.ActiveCfg = Release|Any CPU
		{ABDF25ED-5553-CF84-A1F7-25285E5A04F7}.Release|Any CPU.Build.0 = Release|Any CPU
		{1AAFF38A-7DCF-3790-4874-545912C3EC4F}.Debug|Any CPU.ActiveCfg = Debug|Any CPU
		{1AAFF38A-7DCF-3790-4874-545912C3EC4F}.Debug|Any CPU.Build.0 = Debug|Any CPU
		{1AAFF38A-7DCF-3790-4874-545912C3EC4F}.Release|Any CPU.ActiveCfg = Release|Any CPU
		{1AAFF38A-7DCF-3790-4874-545912C3EC4F}.Release|Any CPU.Build.0 = Release|Any CPU
		{BAB0C80E-EA5C-EB28-02CE-9DE739C91731}.Debug|Any CPU.ActiveCfg = Debug|Any CPU
		{BAB0C80E-EA5C-EB28-02CE-9DE739C91731}.Debug|Any CPU.Build.0 = Debug|Any CPU
		{BAB0C80E-EA5C-EB28-02CE-9DE739C91731}.Release|Any CPU.ActiveCfg = Release|Any CPU
		{BAB0C80E-EA5C-EB28-02CE-9DE739C91731}.Release|Any CPU.Build.0 = Release|Any CPU
		{7F494D3F-D57D-B62A-14B8-A51F4723DC66}.Debug|Any CPU.ActiveCfg = Debug|Any CPU
		{7F494D3F-D57D-B62A-14B8-A51F4723DC66}.Debug|Any CPU.Build.0 = Debug|Any CPU
		{7F494D3F-D57D-B62A-14B8-A51F4723DC66}.Release|Any CPU.ActiveCfg = Release|Any CPU
		{7F494D3F-D57D-B62A-14B8-A51F4723DC66}.Release|Any CPU.Build.0 = Release|Any CPU
		{CD4162E1-1F91-4D53-E1A6-CCBCF699311F}.Debug|Any CPU.ActiveCfg = Debug|Any CPU
		{CD4162E1-1F91-4D53-E1A6-CCBCF699311F}.Debug|Any CPU.Build.0 = Debug|Any CPU
		{CD4162E1-1F91-4D53-E1A6-CCBCF699311F}.Release|Any CPU.ActiveCfg = Release|Any CPU
		{CD4162E1-1F91-4D53-E1A6-CCBCF699311F}.Release|Any CPU.Build.0 = Release|Any CPU
		{B7F76B87-C708-47ED-C5DC-1E84E2341151}.Debug|Any CPU.ActiveCfg = Debug|Any CPU
		{B7F76B87-C708-47ED-C5DC-1E84E2341151}.Debug|Any CPU.Build.0 = Debug|Any CPU
		{B7F76B87-C708-47ED-C5DC-1E84E2341151}.Release|Any CPU.ActiveCfg = Release|Any CPU
		{B7F76B87-C708-47ED-C5DC-1E84E2341151}.Release|Any CPU.Build.0 = Release|Any CPU
		{DF276FE6-ECE9-5E34-83C9-290896411A6A}.Debug|Any CPU.ActiveCfg = Debug|Any CPU
		{DF276FE6-ECE9-5E34-83C9-290896411A6A}.Debug|Any CPU.Build.0 = Debug|Any CPU
		{DF276FE6-ECE9-5E34-83C9-290896411A6A}.Release|Any CPU.ActiveCfg = Release|Any CPU
		{DF276FE6-ECE9-5E34-83C9-290896411A6A}.Release|Any CPU.Build.0 = Release|Any CPU
		{6D53C7F0-930B-C468-D63F-5D22F6811EA2}.Debug|Any CPU.ActiveCfg = Debug|Any CPU
		{6D53C7F0-930B-C468-D63F-5D22F6811EA2}.Debug|Any CPU.Build.0 = Debug|Any CPU
		{6D53C7F0-930B-C468-D63F-5D22F6811EA2}.Release|Any CPU.ActiveCfg = Release|Any CPU
		{6D53C7F0-930B-C468-D63F-5D22F6811EA2}.Release|Any CPU.Build.0 = Release|Any CPU
		{8E287BF2-0B5B-5A24-D8E4-C8BB3CAABCCB}.Debug|Any CPU.ActiveCfg = Debug|Any CPU
		{8E287BF2-0B5B-5A24-D8E4-C8BB3CAABCCB}.Debug|Any CPU.Build.0 = Debug|Any CPU
		{8E287BF2-0B5B-5A24-D8E4-C8BB3CAABCCB}.Release|Any CPU.ActiveCfg = Release|Any CPU
		{8E287BF2-0B5B-5A24-D8E4-C8BB3CAABCCB}.Release|Any CPU.Build.0 = Release|Any CPU
		{FFC4159F-1245-8103-E99C-DDB8DA21C0C8}.Debug|Any CPU.ActiveCfg = Debug|Any CPU
		{FFC4159F-1245-8103-E99C-DDB8DA21C0C8}.Debug|Any CPU.Build.0 = Debug|Any CPU
		{FFC4159F-1245-8103-E99C-DDB8DA21C0C8}.Release|Any CPU.ActiveCfg = Release|Any CPU
		{FFC4159F-1245-8103-E99C-DDB8DA21C0C8}.Release|Any CPU.Build.0 = Release|Any CPU
		{CD355436-D329-0CAD-C9A6-A0B6BE612B4C}.Debug|Any CPU.ActiveCfg = Debug|Any CPU
		{CD355436-D329-0CAD-C9A6-A0B6BE612B4C}.Debug|Any CPU.Build.0 = Debug|Any CPU
		{CD355436-D329-0CAD-C9A6-A0B6BE612B4C}.Release|Any CPU.ActiveCfg = Release|Any CPU
		{CD355436-D329-0CAD-C9A6-A0B6BE612B4C}.Release|Any CPU.Build.0 = Release|Any CPU
		{54612012-2E6C-A1E4-94D4-8113F093465E}.Debug|Any CPU.ActiveCfg = Debug|Any CPU
		{54612012-2E6C-A1E4-94D4-8113F093465E}.Debug|Any CPU.Build.0 = Debug|Any CPU
		{54612012-2E6C-A1E4-94D4-8113F093465E}.Release|Any CPU.ActiveCfg = Release|Any CPU
		{54612012-2E6C-A1E4-94D4-8113F093465E}.Release|Any CPU.Build.0 = Release|Any CPU
		{3A6CBD95-A358-D90A-307A-FC729D8C57F7}.Debug|Any CPU.ActiveCfg = Debug|Any CPU
		{3A6CBD95-A358-D90A-307A-FC729D8C57F7}.Debug|Any CPU.Build.0 = Debug|Any CPU
		{3A6CBD95-A358-D90A-307A-FC729D8C57F7}.Release|Any CPU.ActiveCfg = Release|Any CPU
		{3A6CBD95-A358-D90A-307A-FC729D8C57F7}.Release|Any CPU.Build.0 = Release|Any CPU
		{4AC80D5C-572E-198B-FE32-7B268B9FBDC5}.Debug|Any CPU.ActiveCfg = Debug|Any CPU
		{4AC80D5C-572E-198B-FE32-7B268B9FBDC5}.Debug|Any CPU.Build.0 = Debug|Any CPU
		{4AC80D5C-572E-198B-FE32-7B268B9FBDC5}.Release|Any CPU.ActiveCfg = Release|Any CPU
		{4AC80D5C-572E-198B-FE32-7B268B9FBDC5}.Release|Any CPU.Build.0 = Release|Any CPU
		{D5A35D5B-E73F-C31D-B0D9-FC9235A8FDF0}.Debug|Any CPU.ActiveCfg = Debug|Any CPU
		{D5A35D5B-E73F-C31D-B0D9-FC9235A8FDF0}.Debug|Any CPU.Build.0 = Debug|Any CPU
		{D5A35D5B-E73F-C31D-B0D9-FC9235A8FDF0}.Release|Any CPU.ActiveCfg = Release|Any CPU
		{D5A35D5B-E73F-C31D-B0D9-FC9235A8FDF0}.Release|Any CPU.Build.0 = Release|Any CPU
		{60CBA04D-40B7-68F9-BB12-A66A7C1F7D91}.Debug|Any CPU.ActiveCfg = Debug|Any CPU
		{60CBA04D-40B7-68F9-BB12-A66A7C1F7D91}.Debug|Any CPU.Build.0 = Debug|Any CPU
		{60CBA04D-40B7-68F9-BB12-A66A7C1F7D91}.Release|Any CPU.ActiveCfg = Release|Any CPU
		{60CBA04D-40B7-68F9-BB12-A66A7C1F7D91}.Release|Any CPU.Build.0 = Release|Any CPU
		{8CE9A90C-7670-9864-995A-2F48B0BF8E58}.Debug|Any CPU.ActiveCfg = Debug|Any CPU
		{8CE9A90C-7670-9864-995A-2F48B0BF8E58}.Debug|Any CPU.Build.0 = Debug|Any CPU
		{8CE9A90C-7670-9864-995A-2F48B0BF8E58}.Release|Any CPU.ActiveCfg = Release|Any CPU
		{8CE9A90C-7670-9864-995A-2F48B0BF8E58}.Release|Any CPU.Build.0 = Release|Any CPU
		{98D9F4A5-0218-987D-60F8-3121249284E6}.Debug|Any CPU.ActiveCfg = Debug|Any CPU
		{98D9F4A5-0218-987D-60F8-3121249284E6}.Debug|Any CPU.Build.0 = Debug|Any CPU
		{98D9F4A5-0218-987D-60F8-3121249284E6}.Release|Any CPU.ActiveCfg = Release|Any CPU
		{98D9F4A5-0218-987D-60F8-3121249284E6}.Release|Any CPU.Build.0 = Release|Any CPU
		{87BFFEA2-71D5-D330-017D-86306B3D8A05}.Debug|Any CPU.ActiveCfg = Debug|Any CPU
		{87BFFEA2-71D5-D330-017D-86306B3D8A05}.Debug|Any CPU.Build.0 = Debug|Any CPU
		{87BFFEA2-71D5-D330-017D-86306B3D8A05}.Release|Any CPU.ActiveCfg = Release|Any CPU
		{87BFFEA2-71D5-D330-017D-86306B3D8A05}.Release|Any CPU.Build.0 = Release|Any CPU
		{4F156B4C-04D5-3710-412F-9985FA2C4F49}.Debug|Any CPU.ActiveCfg = Debug|Any CPU
		{4F156B4C-04D5-3710-412F-9985FA2C4F49}.Debug|Any CPU.Build.0 = Debug|Any CPU
		{4F156B4C-04D5-3710-412F-9985FA2C4F49}.Release|Any CPU.ActiveCfg = Release|Any CPU
		{4F156B4C-04D5-3710-412F-9985FA2C4F49}.Release|Any CPU.Build.0 = Release|Any CPU
	EndGlobalSection
	GlobalSection(SolutionProperties) = preSolution
		HideSolutionNode = FALSE
	EndGlobalSection
EndGlobal
